
Microsoft Visual Studio Solution File, Format Version 11.00
# Visual Studio 2010
Project("{FAE04EC0-301F-11D3-BF4B-00C04F79EFBC}") = "Assembly-CSharp", "Assembly-CSharp.csproj", "{de8d0daf-8140-adcf-3659-acc087455b26}"
EndProject
Project("{FAE04EC0-301F-11D3-BF4B-00C04F79EFBC}") = "UniRx", "UniRx.csproj", "{d09ea53f-db04-169a-6213-b4b0439f5661}"
EndProject
Project("{FAE04EC0-301F-11D3-BF4B-00C04F79EFBC}") = "UniRx.Examples", "UniRx.Examples.csproj", "{d65a6466-1c61-f9e1-009a-fb7b41002ee3}"
EndProject
Project("{FAE04EC0-301F-11D3-BF4B-00C04F79EFBC}") = "Assembly-CSharp-Editor", "Assembly-CSharp-Editor.csproj", "{52c93ffd-71cb-718f-9a8d-4ad0ed7749c3}"
EndProject
Project("{FAE04EC0-301F-11D3-BF4B-00C04F79EFBC}") = "Assembly-CSharp-firstpass", "Assembly-CSharp-firstpass.csproj", "{2c2b77fc-96bf-c10b-b774-5832ea17f0db}"
EndProject
Global
	GlobalSection(SolutionConfigurationPlatforms) = preSolution
		Debug|Any CPU = Debug|Any CPU
	EndGlobalSection
	GlobalSection(ProjectConfigurationPlatforms) = postSolution
		{de8d0daf-8140-adcf-3659-acc087455b26}.Debug|Any CPU.ActiveCfg = Debug|Any CPU
		{de8d0daf-8140-adcf-3659-acc087455b26}.Debug|Any CPU.Build.0 = Debug|Any CPU
		{d09ea53f-db04-169a-6213-b4b0439f5661}.Debug|Any CPU.ActiveCfg = Debug|Any CPU
		{d09ea53f-db04-169a-6213-b4b0439f5661}.Debug|Any CPU.Build.0 = Debug|Any CPU
		{d65a6466-1c61-f9e1-009a-fb7b41002ee3}.Debug|Any CPU.ActiveCfg = Debug|Any CPU
		{d65a6466-1c61-f9e1-009a-fb7b41002ee3}.Debug|Any CPU.Build.0 = Debug|Any CPU
		{52c93ffd-71cb-718f-9a8d-4ad0ed7749c3}.Debug|Any CPU.ActiveCfg = Debug|Any CPU
		{52c93ffd-71cb-718f-9a8d-4ad0ed7749c3}.Debug|Any CPU.Build.0 = Debug|Any CPU
		{2c2b77fc-96bf-c10b-b774-5832ea17f0db}.Debug|Any CPU.ActiveCfg = Debug|Any CPU
		{2c2b77fc-96bf-c10b-b774-5832ea17f0db}.Debug|Any CPU.Build.0 = Debug|Any CPU
	EndGlobalSection
	GlobalSection(SolutionProperties) = preSolution
		HideSolutionNode = FALSE
	EndGlobalSection
EndGlobal
